// !$*UTF8*$!
{
	archiveVersion = 1;
	classes = {
	};
	objectVersion = 48;
	objects = {

/* Begin PBXBuildFile section */
		2A84EF001F866D7200E63F7A /* AppDelegate.m in Sources */ = {isa = PBXBuildFile; fileRef = 2A84EEFF1F866D7200E63F7A /* AppDelegate.m */; };
		2A84EF031F866D7200E63F7A /* ViewController.m in Sources */ = {isa = PBXBuildFile; fileRef = 2A84EF021F866D7200E63F7A /* ViewController.m */; };
		2A84EF061F866D7200E63F7A /* Main.storyboard in Resources */ = {isa = PBXBuildFile; fileRef = 2A84EF041F866D7200E63F7A /* Main.storyboard */; };
		2A84EF081F866D7200E63F7A /* Assets.xcassets in Resources */ = {isa = PBXBuildFile; fileRef = 2A84EF071F866D7200E63F7A /* Assets.xcassets */; };
		2A84EF0B1F866D7200E63F7A /* LaunchScreen.storyboard in Resources */ = {isa = PBXBuildFile; fileRef = 2A84EF091F866D7200E63F7A /* LaunchScreen.storyboard */; };
		2A84EF0E1F866D7200E63F7A /* main.m in Sources */ = {isa = PBXBuildFile; fileRef = 2A84EF0D1F866D7200E63F7A /* main.m */; };
/* End PBXBuildFile section */

/* Begin PBXFileReference section */
		2A84EEFB1F866D7200E63F7A /* PrimeNumber.app */ = {isa = PBXFileReference; explicitFileType = wrapper.application; includeInIndex = 0; path = PrimeNumber.app; sourceTree = BUILT_PRODUCTS_DIR; };
		2A84EEFE1F866D7200E63F7A /* AppDelegate.h */ = {isa = PBXFileReference; lastKnownFileType = sourcecode.c.h; path = AppDelegate.h; sourceTree = "<group>"; };
		2A84EEFF1F866D7200E63F7A /* AppDelegate.m */ = {isa = PBXFileReference; lastKnownFileType = sourcecode.c.objc; path = AppDelegate.m; sourceTree = "<group>"; };
		2A84EF011F866D7200E63F7A /* ViewController.h */ = {isa = PBXFileReference; lastKnownFileType = sourcecode.c.h; path = ViewController.h; sourceTree = "<group>"; };
		2A84EF021F866D7200E63F7A /* ViewController.m */ = {isa = PBXFileReference; lastKnownFileType = sourcecode.c.objc; path = ViewController.m; sourceTree = "<group>"; };
		2A84EF051F866D7200E63F7A /* Base */ = {isa = PBXFileReference; lastKnownFileType = file.storyboard; name = Base; path = Base.lproj/Main.storyboard; sourceTree = "<group>"; };
		2A84EF071F866D7200E63F7A /* Assets.xcassets */ = {isa = PBXFileReference; lastKnownFileType = folder.assetcatalog; path = Assets.xcassets; sourceTree = "<group>"; };
		2A84EF0A1F866D7200E63F7A /* Base */ = {isa = PBXFileReference; lastKnownFileType = file.storyboard; name = Base; path = Base.lproj/LaunchScreen.storyboard; sourceTree = "<group>"; };
		2A84EF0C1F866D7200E63F7A /* Info.plist */ = {isa = PBXFileReference; lastKnownFileType = text.plist.xml; path = Info.plist; sourceTree = "<group>"; };
		2A84EF0D1F866D7200E63F7A /* main.m */ = {isa = PBXFileReference; lastKnownFileType = sourcecode.c.objc; path = main.m; sourceTree = "<group>"; };
/* End PBXFileReference section */

/* Begin PBXFrameworksBuildPhase section */
		2A84EEF81F866D7100E63F7A /* Frameworks */ = {
			isa = PBXFrameworksBuildPhase;
			buildActionMask = 2147483647;
			files = (
			);
			runOnlyForDeploymentPostprocessing = 0;
		};
/* End PBXFrameworksBuildPhase section */

/* Begin PBXGroup section */
		2A84EEF21F866D7100E63F7A = {
			isa = PBXGroup;
			children = (
				2A84EEFD1F866D7200E63F7A /* PrimeNumber */,
				2A84EEFC1F866D7200E63F7A /* Products */,
			);
			sourceTree = "<group>";
		};
		2A84EEFC1F866D7200E63F7A /* Products */ = {
			isa = PBXGroup;
			children = (
				2A84EEFB1F866D7200E63F7A /* PrimeNumber.app */,
			);
			name = Products;
			sourceTree = "<group>";
		};
		2A84EEFD1F866D7200E63F7A /* PrimeNumber */ = {
			isa = PBXGroup;
			children = (
				2A84EEFE1F866D7200E63F7A /* AppDelegate.h */,
				2A84EEFF1F866D7200E63F7A /* AppDelegate.m */,
				2A84EF011F866D7200E63F7A /* ViewController.h */,
				2A84EF021F866D7200E63F7A /* ViewController.m */,
				2A84EF041F866D7200E63F7A /* Main.storyboard */,
				2A84EF071F866D7200E63F7A /* Assets.xcassets */,
				2A84EF091F866D7200E63F7A /* LaunchScreen.storyboard */,
				2A84EF0C1F866D7200E63F7A /* Info.plist */,
				2A84EF0D1F866D7200E63F7A /* main.m */,
			);
			path = PrimeNumber;
			sourceTree = "<group>";
		};
/* End PBXGroup section */

/* Begin PBXNativeTarget section */
		2A84EEFA1F866D7100E63F7A /* PrimeNumber */ = {
			isa = PBXNativeTarget;
			buildConfigurationList = 2A84EF111F866D7200E63F7A /* Build configuration list for PBXNativeTarget "PrimeNumber" */;
			buildPhases = (
				2A84EEF71F866D7100E63F7A /* Sources */,
				2A84EEF81F866D7100E63F7A /* Frameworks */,
				2A84EEF91F866D7100E63F7A /* Resources */,
			);
			buildRules = (
			);
			dependencies = (
			);
			name = PrimeNumber;
			productName = PrimeNumber;
			productReference = 2A84EEFB1F866D7200E63F7A /* PrimeNumber.app */;
			productType = "com.apple.product-type.application";
		};
/* End PBXNativeTarget section */

/* Begin PBXProject section */
		2A84EEF31F866D7100E63F7A /* Project object */ = {
			isa = PBXProject;
			attributes = {
				LastUpgradeCheck = 0900;
				ORGANIZATIONNAME = "Denis Andreev";
				TargetAttributes = {
					2A84EEFA1F866D7100E63F7A = {
						CreatedOnToolsVersion = 9.0;
						ProvisioningStyle = Automatic;
					};
				};
			};
			buildConfigurationList = 2A84EEF61F866D7100E63F7A /* Build configuration list for PBXProject "PrimeNumber" */;
			compatibilityVersion = "Xcode 8.0";
			developmentRegion = en;
			hasScannedForEncodings = 0;
			knownRegions = (
				en,
				Base,
			);
			mainGroup = 2A84EEF21F866D7100E63F7A;
			productRefGroup = 2A84EEFC1F866D7200E63F7A /* Products */;
			projectDirPath = "";
			projectRoot = "";
			targets = (
				2A84EEFA1F866D7100E63F7A /* PrimeNumber */,
			);
		};
/* End PBXProject section */

/* Begin PBXResourcesBuildPhase section */
		2A84EEF91F866D7100E63F7A /* Resources */ = {
			isa = PBXResourcesBuildPhase;
			buildActionMask = 2147483647;
			files = (
				2A84EF0B1F866D7200E63F7A /* LaunchScreen.storyboard in Resources */,
				2A84EF081F866D7200E63F7A /* Assets.xcassets in Resources */,
				2A84EF061F866D7200E63F7A /* Main.storyboard in Resources */,
			);
			runOnlyForDeploymentPostprocessing = 0;
		};
/* End PBXResourcesBuildPhase section */

/* Begin PBXSourcesBuildPhase section */
		2A84EEF71F866D7100E63F7A /* Sources */ = {
			isa = PBXSourcesBuildPhase;
			buildActionMask = 2147483647;
			files = (
				2A84EF031F866D7200E63F7A /* ViewController.m in Sources */,
				2A84EF0E1F866D7200E63F7A /* main.m in Sources */,
				2A84EF001F866D7200E63F7A /* AppDelegate.m in Sources */,
			);
			runOnlyForDeploymentPostprocessing = 0;
		};
/* End PBXSourcesBuildPhase section */

/* Begin PBXVariantGroup section */
		2A84EF041F866D7200E63F7A /* Main.storyboard */ = {
			isa = PBXVariantGroup;
			children = (
				2A84EF051F866D7200E63F7A /* Base */,
			);
			name = Main.storyboard;
			sourceTree = "<group>";
		};
		2A84EF091F866D7200E63F7A /* LaunchScreen.storyboard */ = {
			isa = PBXVariantGroup;
			children = (
				2A84EF0A1F866D7200E63F7A /* Base */,
			);
			name = LaunchScreen.storyboard;
			sourceTree = "<group>";
		};
/* End PBXVariantGroup section */

/* Begin XCBuildConfiguration section */
		2A84EF0F1F866D7200E63F7A /* Debug */ = {
			isa = XCBuildConfiguration;
			buildSettings = {
				ALWAYS_SEARCH_USER_PATHS = NO;
				CLANG_ANALYZER_NONNULL = YES;
				CLANG_ANALYZER_NUMBER_OBJECT_CONVERSION = YES_AGGRESSIVE;
				CLANG_CXX_LANGUAGE_STANDARD = "gnu++14";
				CLANG_CXX_LIBRARY = "libc++";
				CLANG_ENABLE_MODULES = YES;
				CLANG_ENABLE_OBJC_ARC = YES;
				CLANG_WARN_BLOCK_CAPTURE_AUTORELEASING = YES;
				CLANG_WARN_BOOL_CONVERSION = YES;
				CLANG_WARN_COMMA = YES;
				CLANG_WARN_CONSTANT_CONVERSION = YES;
				CLANG_WARN_DIRECT_OBJC_ISA_USAGE = YES_ERROR;
				CLANG_WARN_DOCUMENTATION_COMMENTS = YES;
				CLANG_WARN_EMPTY_BODY = YES;
				CLANG_WARN_ENUM_CONVERSION = YES;
				CLANG_WARN_INFINITE_RECURSION = YES;
				CLANG_WARN_INT_CONVERSION = YES;
				CLANG_WARN_NON_LITERAL_NULL_CONVERSION = YES;
				CLANG_WARN_OBJC_LITERAL_CONVERSION = YES;
				CLANG_WARN_OBJC_ROOT_CLASS = YES_ERROR;
				CLANG_WARN_RANGE_LOOP_ANALYSIS = YES;
				CLANG_WARN_STRICT_PROTOTYPES = YES;
				CLANG_WARN_SUSPICIOUS_MOVE = YES;
				CLANG_WARN_UNGUARDED_AVAILABILITY = YES_AGGRESSIVE;
				CLANG_WARN_UNREACHABLE_CODE = YES;
				CLANG_WARN__DUPLICATE_METHOD_MATCH = YES;
				CODE_SIGN_IDENTITY = "iPhone Developer";
				COPY_PHASE_STRIP = NO;
				DEBUG_INFORMATION_FORMAT = dwarf;
				ENABLE_STRICT_OBJC_MSGSEND = YES;
				ENABLE_TESTABILITY = YES;
				GCC_C_LANGUAGE_STANDARD = gnu11;
				GCC_DYNAMIC_NO_PIC = NO;
				GCC_NO_COMMON_BLOCKS = YES;
				GCC_OPTIMIZATION_LEVEL = 0;
				GCC_PREPROCESSOR_DEFINITIONS = (
					"DEBUG=1",
					"$(inherited)",
				);
				GCC_WARN_64_TO_32_BIT_CONVERSION = YES;
				GCC_WARN_ABOUT_RETURN_TYPE = YES_ERROR;
				GCC_WARN_UNDECLARED_SELECTOR = YES;
				GCC_WARN_UNINITIALIZED_AUTOS = YES_AGGRESSIVE;
				GCC_WARN_UNUSED_FUNCTION = YES;
				GCC_WARN_UNUSED_VARIABLE = YES;
				IPHONEOS_DEPLOYMENT_TARGET = 11.0;
				MTL_ENABLE_DEBUG_INFO = YES;
				ONLY_ACTIVE_ARCH = YES;
				SDKROOT = iphoneos;
			};
			name = Debug;
		};
		2A84EF101F866D7200E63F7A /* Release */ = {
			isa = XCBuildConfiguration;
			buildSettings = {
				ALWAYS_SEARCH_USER_PATHS = NO;
				CLANG_ANALYZER_NONNULL = YES;
				CLANG_ANALYZER_NUMBER_OBJECT_CONVERSION = YES_AGGRESSIVE;
				CLANG_CXX_LANGUAGE_STANDARD = "gnu++14";
				CLANG_CXX_LIBRARY = "libc++";
				CLANG_ENABLE_MODULES = YES;
				CLANG_ENABLE_OBJC_ARC = YES;
				CLANG_WARN_BLOCK_CAPTURE_AUTORELEASING = YES;
				CLANG_WARN_BOOL_CONVERSION = YES;
				CLANG_WARN_COMMA = YES;
				CLANG_WARN_CONSTANT_CONVERSION = YES;
				CLANG_WARN_DIRECT_OBJC_ISA_USAGE = YES_ERROR;
				CLANG_WARN_DOCUMENTATION_COMMENTS = YES;
				CLANG_WARN_EMPTY_BODY = YES;
				CLANG_WARN_ENUM_CONVERSION = YES;
				CLANG_WARN_INFINITE_RECURSION = YES;
				CLANG_WARN_INT_CONVERSION = YES;
				CLANG_WARN_NON_LITERAL_NULL_CONVERSION = YES;
				CLANG_WARN_OBJC_LITERAL_CONVERSION = YES;
				CLANG_WARN_OBJC_ROOT_CLASS = YES_ERROR;
				CLANG_WARN_RANGE_LOOP_ANALYSIS = YES;
				CLANG_WARN_STRICT_PROTOTYPES = YES;
				CLANG_WARN_SUSPICIOUS_MOVE = YES;
				CLANG_WARN_UNGUARDED_AVAILABILITY = YES_AGGRESSIVE;
				CLANG_WARN_UNREACHABLE_CODE = YES;
				CLANG_WARN__DUPLICATE_METHOD_MATCH = YES;
				CODE_SIGN_IDENTITY = "iPhone Developer";
				COPY_PHASE_STRIP = NO;
				DEBUG_INFORMATION_FORMAT = "dwarf-with-dsym";
				ENABLE_NS_ASSERTIONS = NO;
				ENABLE_STRICT_OBJC_MSGSEND = YES;
				GCC_C_LANGUAGE_STANDARD = gnu11;
				GCC_NO_COMMON_BLOCKS = YES;
				GCC_WARN_64_TO_32_BIT_CONVERSION = YES;
				GCC_WARN_ABOUT_RETURN_TYPE = YES_ERROR;
				GCC_WARN_UNDECLARED_SELECTOR = YES;
				GCC_WARN_UNINITIALIZED_AUTOS = YES_AGGRESSIVE;
				GCC_WARN_UNUSED_FUNCTION = YES;
				GCC_WARN_UNUSED_VARIABLE = YES;
				IPHONEOS_DEPLOYMENT_TARGET = 11.0;
				MTL_ENABLE_DEBUG_INFO = NO;
				SDKROOT = iphoneos;
				VALIDATE_PRODUCT = YES;
			};
			name = Release;
		};
		2A84EF121F866D7200E63F7A /* Debug */ = {
			isa = XCBuildConfiguration;
			buildSettings = {
				ASSETCATALOG_COMPILER_APPICON_NAME = AppIcon;
				CODE_SIGN_STYLE = Automatic;
				INFOPLIST_FILE = PrimeNumber/Info.plist;
				LD_RUNPATH_SEARCH_PATHS = "$(inherited) @executable_path/Frameworks";
				PRODUCT_BUNDLE_IDENTIFIER = com.felarmir.PrimeNumber;
				PRODUCT_NAME = "$(TARGET_NAME)";
				TARGETED_DEVICE_FAMILY = "1,2";
			};
			name = Debug;
		};
		2A84EF131F866D7200E63F7A /* Release */ = {
			isa = XCBuildConfiguration;
			buildSettings = {
				ASSETCATALOG_COMPILER_APPICON_NAME = AppIcon;
				CODE_SIGN_STYLE = Automatic;
				INFOPLIST_FILE = PrimeNumber/Info.plist;
				LD_RUNPATH_SEARCH_PATHS = "$(inherited) @executable_path/Frameworks";
				PRODUCT_BUNDLE_IDENTIFIER = com.felarmir.PrimeNumber;
				PRODUCT_NAME = "$(TARGET_NAME)";
				TARGETED_DEVICE_FAMILY = "1,2";
			};
			name = Release;
		};
/* End XCBuildConfiguration section */

/* Begin XCConfigurationList section */
		2A84EEF61F866D7100E63F7A /* Build configuration list for PBXProject "PrimeNumber" */ = {
			isa = XCConfigurationList;
			buildConfigurations = (
				2A84EF0F1F866D7200E63F7A /* Debug */,
				2A84EF101F866D7200E63F7A /* Release */,
			);
			defaultConfigurationIsVisible = 0;
			defaultConfigurationName = Release;
		};
		2A84EF111F866D7200E63F7A /* Build configuration list for PBXNativeTarget "PrimeNumber" */ = {
			isa = XCConfigurationList;
			buildConfigurations = (
				2A84EF121F866D7200E63F7A /* Debug */,
				2A84EF131F866D7200E63F7A /* Release */,
			);
			defaultConfigurationIsVisible = 0;
			defaultConfigurationName = Release;
		};
/* End XCConfigurationList section */
	};
	rootObject = 2A84EEF31F866D7100E63F7A /* Project object */;
}
